Microsoft Visual Studio Solution File, Format Version 12.00
# Visual Studio Version 17
VisualStudioVersion = 17.5.2.0
MinimumVisualStudioVersion = 10.0.40219.1
Project("{FAE04EC0-301F-11D3-BF4B-00C04F79EFBC}") = "ccDiaryApi", "ccDiaryApi.csproj", "{5140FD3D-1010-4BE4-91EA-1BD843600426}"
EndProject
Global
	GlobalSection(SolutionConfigurationPlatforms) = preSolution
		Debug|Any CPU = Debug|Any CPU
		Release|Any CPU = Release|Any CPU
	EndGlobalSection
	GlobalSection(ProjectConfigurationPlatforms) = postSolution
		{5140FD3D-1010-4BE4-91EA-1BD843600426}.Debug|Any CPU.ActiveCfg = Debug|Any CPU
		{5140FD3D-1010-4BE4-91EA-1BD843600426}.Debug|Any CPU.Build.0 = Debug|Any CPU
		{5140FD3D-1010-4BE4-91EA-1BD843600426}.Release|Any CPU.ActiveCfg = Release|Any CPU
		{5140FD3D-1010-4BE4-91EA-1BD843600426}.Release|Any CPU.Build.0 = Release|Any CPU
	EndGlobalSection
	GlobalSection(SolutionProperties) = preSolution
		HideSolutionNode = FALSE
	EndGlobalSection
	GlobalSection(ExtensibilityGlobals) = postSolution
		SolutionGuid = {AB2E3793-479C-4B7C-8430-A6C4C2C40D08}
	EndGlobalSection
EndGlobal
